// !$*UTF8*$!
{
	archiveVersion = 1;
	classes = {
	};
	objectVersion = 56;
	objects = {

/* Begin PBXBuildFile section */
		851841472BDA2EF6007716BF /* WorldTests.swift in Sources */ = {isa = PBXBuildFile; fileRef = 851841462BDA2EF6007716BF /* WorldTests.swift */; };
		851841492BDB58C1007716BF /* MovementSystemTests.swift in Sources */ = {isa = PBXBuildFile; fileRef = 851841482BDB58C1007716BF /* MovementSystemTests.swift */; };
		8518414B2BDB59F7007716BF /* ECSErrors.swift in Sources */ = {isa = PBXBuildFile; fileRef = 8518414A2BDB59F7007716BF /* ECSErrors.swift */; };
		8518414D2BDB5EA2007716BF /* Vector2D.swift in Sources */ = {isa = PBXBuildFile; fileRef = 8518414C2BDB5EA2007716BF /* Vector2D.swift */; };
		8518414F2BDB6194007716BF /* Vector2DTests.swift in Sources */ = {isa = PBXBuildFile; fileRef = 8518414E2BDB6194007716BF /* Vector2DTests.swift */; };
		851841512BDB633F007716BF /* FloatingPointExtension.swift in Sources */ = {isa = PBXBuildFile; fileRef = 851841502BDB633F007716BF /* FloatingPointExtension.swift */; };
		85C466502BD8DEEF0031A0EC /* BaseBTS.docc in Sources */ = {isa = PBXBuildFile; fileRef = 85C4664F2BD8DEEF0031A0EC /* BaseBTS.docc */; };
		85C466562BD8DEEF0031A0EC /* BaseBTS.framework in Frameworks */ = {isa = PBXBuildFile; fileRef = 85C4664B2BD8DEEF0031A0EC /* BaseBTS.framework */; };
		85C4665B2BD8DEEF0031A0EC /* EntityTests.swift in Sources */ = {isa = PBXBuildFile; fileRef = 85C4665A2BD8DEEF0031A0EC /* EntityTests.swift */; };
		85C4665C2BD8DEEF0031A0EC /* BaseBTS.h in Headers */ = {isa = PBXBuildFile; fileRef = 85C4664E2BD8DEEF0031A0EC /* BaseBTS.h */; settings = {ATTRIBUTES = (Public, ); }; };
		85C466662BD8DFF80031A0EC /* Entity.swift in Sources */ = {isa = PBXBuildFile; fileRef = 85C466652BD8DFF80031A0EC /* Entity.swift */; };
		85C466682BD8E0110031A0EC /* Component.swift in Sources */ = {isa = PBXBuildFile; fileRef = 85C466672BD8E0110031A0EC /* Component.swift */; };
		85C4666A2BD8E0270031A0EC /* World.swift in Sources */ = {isa = PBXBuildFile; fileRef = 85C466692BD8E0270031A0EC /* World.swift */; };
		85C4666C2BD8E0370031A0EC /* System.swift in Sources */ = {isa = PBXBuildFile; fileRef = 85C4666B2BD8E0370031A0EC /* System.swift */; };
		85C4666E2BD8E0C10031A0EC /* Components.swift in Sources */ = {isa = PBXBuildFile; fileRef = 85C4666D2BD8E0C10031A0EC /* Components.swift */; };
		85C466702BD9C4810031A0EC /* Identifier.swift in Sources */ = {isa = PBXBuildFile; fileRef = 85C4666F2BD9C4810031A0EC /* Identifier.swift */; };
		85C466722BD9FD240031A0EC /* ComponentTests.swift in Sources */ = {isa = PBXBuildFile; fileRef = 85C466712BD9FD240031A0EC /* ComponentTests.swift */; };
/* End PBXBuildFile section */

/* Begin PBXContainerItemProxy section */
		85C466572BD8DEEF0031A0EC /* PBXContainerItemProxy */ = {
			isa = PBXContainerItemProxy;
			containerPortal = 85C466422BD8DEEF0031A0EC /* Project object */;
			proxyType = 1;
			remoteGlobalIDString = 85C4664A2BD8DEEF0031A0EC;
			remoteInfo = BaseBTS;
		};
/* End PBXContainerItemProxy section */

/* Begin PBXFileReference section */
		851841462BDA2EF6007716BF /* WorldTests.swift */ = {isa = PBXFileReference; lastKnownFileType = sourcecode.swift; path = WorldTests.swift; sourceTree = "<group>"; };
		851841482BDB58C1007716BF /* MovementSystemTests.swift */ = {isa = PBXFileReference; lastKnownFileType = sourcecode.swift; path = MovementSystemTests.swift; sourceTree = "<group>"; };
		8518414A2BDB59F7007716BF /* ECSErrors.swift */ = {isa = PBXFileReference; lastKnownFileType = sourcecode.swift; path = ECSErrors.swift; sourceTree = "<group>"; };
		8518414C2BDB5EA2007716BF /* Vector2D.swift */ = {isa = PBXFileReference; lastKnownFileType = sourcecode.swift; path = Vector2D.swift; sourceTree = "<group>"; };
		8518414E2BDB6194007716BF /* Vector2DTests.swift */ = {isa = PBXFileReference; lastKnownFileType = sourcecode.swift; path = Vector2DTests.swift; sourceTree = "<group>"; };
		851841502BDB633F007716BF /* FloatingPointExtension.swift */ = {isa = PBXFileReference; lastKnownFileType = sourcecode.swift; path = FloatingPointExtension.swift; sourceTree = "<group>"; };
		85C4664B2BD8DEEF0031A0EC /* BaseBTS.framework */ = {isa = PBXFileReference; explicitFileType = wrapper.framework; includeInIndex = 0; path = BaseBTS.framework; sourceTree = BUILT_PRODUCTS_DIR; };
		85C4664E2BD8DEEF0031A0EC /* BaseBTS.h */ = {isa = PBXFileReference; lastKnownFileType = sourcecode.c.h; path = BaseBTS.h; sourceTree = "<group>"; };
		85C4664F2BD8DEEF0031A0EC /* BaseBTS.docc */ = {isa = PBXFileReference; lastKnownFileType = folder.documentationcatalog; path = BaseBTS.docc; sourceTree = "<group>"; };
		85C466552BD8DEEF0031A0EC /* BaseBTSTests.xctest */ = {isa = PBXFileReference; explicitFileType = wrapper.cfbundle; includeInIndex = 0; path = BaseBTSTests.xctest; sourceTree = BUILT_PRODUCTS_DIR; };
		85C4665A2BD8DEEF0031A0EC /* EntityTests.swift */ = {isa = PBXFileReference; lastKnownFileType = sourcecode.swift; path = EntityTests.swift; sourceTree = "<group>"; };
		85C466652BD8DFF80031A0EC /* Entity.swift */ = {isa = PBXFileReference; lastKnownFileType = sourcecode.swift; path = Entity.swift; sourceTree = "<group>"; };
		85C466672BD8E0110031A0EC /* Component.swift */ = {isa = PBXFileReference; lastKnownFileType = sourcecode.swift; path = Component.swift; sourceTree = "<group>"; };
		85C466692BD8E0270031A0EC /* World.swift */ = {isa = PBXFileReference; lastKnownFileType = sourcecode.swift; path = World.swift; sourceTree = "<group>"; };
		85C4666B2BD8E0370031A0EC /* System.swift */ = {isa = PBXFileReference; lastKnownFileType = sourcecode.swift; path = System.swift; sourceTree = "<group>"; };
		85C4666D2BD8E0C10031A0EC /* Components.swift */ = {isa = PBXFileReference; lastKnownFileType = sourcecode.swift; path = Components.swift; sourceTree = "<group>"; };
		85C4666F2BD9C4810031A0EC /* Identifier.swift */ = {isa = PBXFileReference; lastKnownFileType = sourcecode.swift; path = Identifier.swift; sourceTree = "<group>"; };
		85C466712BD9FD240031A0EC /* ComponentTests.swift */ = {isa = PBXFileReference; lastKnownFileType = sourcecode.swift; path = ComponentTests.swift; sourceTree = "<group>"; };
/* End PBXFileReference section */

/* Begin PBXFrameworksBuildPhase section */
		85C466482BD8DEEF0031A0EC /* Frameworks */ = {
			isa = PBXFrameworksBuildPhase;
			buildActionMask = 2147483647;
			files = (
			);
			runOnlyForDeploymentPostprocessing = 0;
		};
		85C466522BD8DEEF0031A0EC /* Frameworks */ = {
			isa = PBXFrameworksBuildPhase;
			buildActionMask = 2147483647;
			files = (
				85C466562BD8DEEF0031A0EC /* BaseBTS.framework in Frameworks */,
			);
			runOnlyForDeploymentPostprocessing = 0;
		};
/* End PBXFrameworksBuildPhase section */

/* Begin PBXGroup section */
		85C466412BD8DEEF0031A0EC = {
			isa = PBXGroup;
			children = (
				85C4664D2BD8DEEF0031A0EC /* BaseBTS */,
				85C466592BD8DEEF0031A0EC /* BaseBTSTests */,
				85C4664C2BD8DEEF0031A0EC /* Products */,
			);
			sourceTree = "<group>";
		};
		85C4664C2BD8DEEF0031A0EC /* Products */ = {
			isa = PBXGroup;
			children = (
				85C4664B2BD8DEEF0031A0EC /* BaseBTS.framework */,
				85C466552BD8DEEF0031A0EC /* BaseBTSTests.xctest */,
			);
			name = Products;
			sourceTree = "<group>";
		};
		85C4664D2BD8DEEF0031A0EC /* BaseBTS */ = {
			isa = PBXGroup;
			children = (
				85C4664E2BD8DEEF0031A0EC /* BaseBTS.h */,
				85C4664F2BD8DEEF0031A0EC /* BaseBTS.docc */,
				85C466652BD8DFF80031A0EC /* Entity.swift */,
				85C466672BD8E0110031A0EC /* Component.swift */,
				85C466692BD8E0270031A0EC /* World.swift */,
				85C4666B2BD8E0370031A0EC /* System.swift */,
				85C4666F2BD9C4810031A0EC /* Identifier.swift */,
				8518414A2BDB59F7007716BF /* ECSErrors.swift */,
				8518414C2BDB5EA2007716BF /* Vector2D.swift */,
				851841502BDB633F007716BF /* FloatingPointExtension.swift */,
			);
			path = BaseBTS;
			sourceTree = "<group>";
		};
		85C466592BD8DEEF0031A0EC /* BaseBTSTests */ = {
			isa = PBXGroup;
			children = (
				85C4665A2BD8DEEF0031A0EC /* EntityTests.swift */,
				85C4666D2BD8E0C10031A0EC /* Components.swift */,
				85C466712BD9FD240031A0EC /* ComponentTests.swift */,
				851841462BDA2EF6007716BF /* WorldTests.swift */,
				851841482BDB58C1007716BF /* MovementSystemTests.swift */,
				8518414E2BDB6194007716BF /* Vector2DTests.swift */,
			);
			path = BaseBTSTests;
			sourceTree = "<group>";
		};
/* End PBXGroup section */

/* Begin PBXHeadersBuildPhase section */
		85C466462BD8DEEF0031A0EC /* Headers */ = {
			isa = PBXHeadersBuildPhase;
			buildActionMask = 2147483647;
			files = (
				85C4665C2BD8DEEF0031A0EC /* BaseBTS.h in Headers */,
			);
			runOnlyForDeploymentPostprocessing = 0;
		};
/* End PBXHeadersBuildPhase section */

/* Begin PBXNativeTarget section */
		85C4664A2BD8DEEF0031A0EC /* BaseBTS */ = {
			isa = PBXNativeTarget;
			buildConfigurationList = 85C4665F2BD8DEEF0031A0EC /* Build configuration list for PBXNativeTarget "BaseBTS" */;
			buildPhases = (
				85C466462BD8DEEF0031A0EC /* Headers */,
				85C466472BD8DEEF0031A0EC /* Sources */,
				85C466482BD8DEEF0031A0EC /* Frameworks */,
				85C466492BD8DEEF0031A0EC /* Resources */,
			);
			buildRules = (
			);
			dependencies = (
			);
			name = BaseBTS;
			productName = BaseBTS;
			productReference = 85C4664B2BD8DEEF0031A0EC /* BaseBTS.framework */;
			productType = "com.apple.product-type.framework";
		};
		85C466542BD8DEEF0031A0EC /* BaseBTSTests */ = {
			isa = PBXNativeTarget;
			buildConfigurationList = 85C466622BD8DEEF0031A0EC /* Build configuration list for PBXNativeTarget "BaseBTSTests" */;
			buildPhases = (
				85C466512BD8DEEF0031A0EC /* Sources */,
				85C466522BD8DEEF0031A0EC /* Frameworks */,
				85C466532BD8DEEF0031A0EC /* Resources */,
			);
			buildRules = (
			);
			dependencies = (
				85C466582BD8DEEF0031A0EC /* PBXTargetDependency */,
			);
			name = BaseBTSTests;
			productName = BaseBTSTests;
			productReference = 85C466552BD8DEEF0031A0EC /* BaseBTSTests.xctest */;
			productType = "com.apple.product-type.bundle.unit-test";
		};
/* End PBXNativeTarget section */

/* Begin PBXProject section */
		85C466422BD8DEEF0031A0EC /* Project object */ = {
			isa = PBXProject;
			attributes = {
				BuildIndependentTargetsInParallel = 1;
				LastSwiftUpdateCheck = 1530;
				LastUpgradeCheck = 1530;
				TargetAttributes = {
					85C4664A2BD8DEEF0031A0EC = {
						CreatedOnToolsVersion = 15.3;
					};
					85C466542BD8DEEF0031A0EC = {
						CreatedOnToolsVersion = 15.3;
					};
				};
			};
			buildConfigurationList = 85C466452BD8DEEF0031A0EC /* Build configuration list for PBXProject "BaseBTS" */;
			compatibilityVersion = "Xcode 14.0";
			developmentRegion = en;
			hasScannedForEncodings = 0;
			knownRegions = (
				en,
				Base,
			);
			mainGroup = 85C466412BD8DEEF0031A0EC;
			productRefGroup = 85C4664C2BD8DEEF0031A0EC /* Products */;
			projectDirPath = "";
			projectRoot = "";
			targets = (
				85C4664A2BD8DEEF0031A0EC /* BaseBTS */,
				85C466542BD8DEEF0031A0EC /* BaseBTSTests */,
			);
		};
/* End PBXProject section */

/* Begin PBXResourcesBuildPhase section */
		85C466492BD8DEEF0031A0EC /* Resources */ = {
			isa = PBXResourcesBuildPhase;
			buildActionMask = 2147483647;
			files = (
			);
			runOnlyForDeploymentPostprocessing = 0;
		};
		85C466532BD8DEEF0031A0EC /* Resources */ = {
			isa = PBXResourcesBuildPhase;
			buildActionMask = 2147483647;
			files = (
			);
			runOnlyForDeploymentPostprocessing = 0;
		};
/* End PBXResourcesBuildPhase section */

/* Begin PBXSourcesBuildPhase section */
		85C466472BD8DEEF0031A0EC /* Sources */ = {
			isa = PBXSourcesBuildPhase;
			buildActionMask = 2147483647;
			files = (
				8518414B2BDB59F7007716BF /* ECSErrors.swift in Sources */,
				85C4666C2BD8E0370031A0EC /* System.swift in Sources */,
				8518414D2BDB5EA2007716BF /* Vector2D.swift in Sources */,
				85C466662BD8DFF80031A0EC /* Entity.swift in Sources */,
				85C466682BD8E0110031A0EC /* Component.swift in Sources */,
				85C4666A2BD8E0270031A0EC /* World.swift in Sources */,
				85C466702BD9C4810031A0EC /* Identifier.swift in Sources */,
				85C466502BD8DEEF0031A0EC /* BaseBTS.docc in Sources */,
				851841512BDB633F007716BF /* FloatingPointExtension.swift in Sources */,
			);
			runOnlyForDeploymentPostprocessing = 0;
		};
		85C466512BD8DEEF0031A0EC /* Sources */ = {
			isa = PBXSourcesBuildPhase;
			buildActionMask = 2147483647;
			files = (
				85C466722BD9FD240031A0EC /* ComponentTests.swift in Sources */,
				851841492BDB58C1007716BF /* MovementSystemTests.swift in Sources */,
				85C4665B2BD8DEEF0031A0EC /* EntityTests.swift in Sources */,
				851841472BDA2EF6007716BF /* WorldTests.swift in Sources */,
				8518414F2BDB6194007716BF /* Vector2DTests.swift in Sources */,
				85C4666E2BD8E0C10031A0EC /* Components.swift in Sources */,
			);
			runOnlyForDeploymentPostprocessing = 0;
		};
/* End PBXSourcesBuildPhase section */

/* Begin PBXTargetDependency section */
		85C466582BD8DEEF0031A0EC /* PBXTargetDependency */ = {
			isa = PBXTargetDependency;
			target = 85C4664A2BD8DEEF0031A0EC /* BaseBTS */;
			targetProxy = 85C466572BD8DEEF0031A0EC /* PBXContainerItemProxy */;
		};
/* End PBXTargetDependency section */

/* Begin XCBuildConfiguration section */
		85C4665D2BD8DEEF0031A0EC /* Debug */ = {
			isa = XCBuildConfiguration;
			buildSettings = {
				ALWAYS_SEARCH_USER_PATHS = NO;
				ASSETCATALOG_COMPILER_GENERATE_SWIFT_ASSET_SYMBOL_EXTENSIONS = YES;
				CLANG_ANALYZER_NONNULL = YES;
				CLANG_ANALYZER_NUMBER_OBJECT_CONVERSION = YES_AGGRESSIVE;
				CLANG_CXX_LANGUAGE_STANDARD = "gnu++20";
				CLANG_ENABLE_MODULES = YES;
				CLANG_ENABLE_OBJC_ARC = YES;
				CLANG_ENABLE_OBJC_WEAK = YES;
				CLANG_WARN_BLOCK_CAPTURE_AUTORELEASING = YES;
				CLANG_WARN_BOOL_CONVERSION = YES;
				CLANG_WARN_COMMA = YES;
				CLANG_WARN_CONSTANT_CONVERSION = YES;
				CLANG_WARN_DEPRECATED_OBJC_IMPLEMENTATIONS = YES;
				CLANG_WARN_DIRECT_OBJC_ISA_USAGE = YES_ERROR;
				CLANG_WARN_DOCUMENTATION_COMMENTS = YES;
				CLANG_WARN_EMPTY_BODY = YES;
				CLANG_WARN_ENUM_CONVERSION = YES;
				CLANG_WARN_INFINITE_RECURSION = YES;
				CLANG_WARN_INT_CONVERSION = YES;
				CLANG_WARN_NON_LITERAL_NULL_CONVERSION = YES;
				CLANG_WARN_OBJC_IMPLICIT_RETAIN_SELF = YES;
				CLANG_WARN_OBJC_LITERAL_CONVERSION = YES;
				CLANG_WARN_OBJC_ROOT_CLASS = YES_ERROR;
				CLANG_WARN_QUOTED_INCLUDE_IN_FRAMEWORK_HEADER = YES;
				CLANG_WARN_RANGE_LOOP_ANALYSIS = YES;
				CLANG_WARN_STRICT_PROTOTYPES = YES;
				CLANG_WARN_SUSPICIOUS_MOVE = YES;
				CLANG_WARN_UNGUARDED_AVAILABILITY = YES_AGGRESSIVE;
				CLANG_WARN_UNREACHABLE_CODE = YES;
				CLANG_WARN__DUPLICATE_METHOD_MATCH = YES;
				COPY_PHASE_STRIP = NO;
				CURRENT_PROJECT_VERSION = 1;
				DEBUG_INFORMATION_FORMAT = dwarf;
				ENABLE_STRICT_OBJC_MSGSEND = YES;
				ENABLE_TESTABILITY = YES;
				ENABLE_USER_SCRIPT_SANDBOXING = YES;
				GCC_C_LANGUAGE_STANDARD = gnu17;
				GCC_DYNAMIC_NO_PIC = NO;
				GCC_NO_COMMON_BLOCKS = YES;
				GCC_OPTIMIZATION_LEVEL = 0;
				GCC_PREPROCESSOR_DEFINITIONS = (
					"DEBUG=1",
					"$(inherited)",
				);
				GCC_WARN_64_TO_32_BIT_CONVERSION = YES;
				GCC_WARN_ABOUT_RETURN_TYPE = YES_ERROR;
				GCC_WARN_UNDECLARED_SELECTOR = YES;
				GCC_WARN_UNINITIALIZED_AUTOS = YES_AGGRESSIVE;
				GCC_WARN_UNUSED_FUNCTION = YES;
				GCC_WARN_UNUSED_VARIABLE = YES;
				LOCALIZATION_PREFERS_STRING_CATALOGS = YES;
				MACOSX_DEPLOYMENT_TARGET = 14.4;
				MTL_ENABLE_DEBUG_INFO = INCLUDE_SOURCE;
				MTL_FAST_MATH = YES;
				ONLY_ACTIVE_ARCH = YES;
				SDKROOT = macosx;
				SWIFT_ACTIVE_COMPILATION_CONDITIONS = "DEBUG $(inherited)";
				SWIFT_OPTIMIZATION_LEVEL = "-Onone";
				VERSIONING_SYSTEM = "apple-generic";
				VERSION_INFO_PREFIX = "";
			};
			name = Debug;
		};
		85C4665E2BD8DEEF0031A0EC /* Release */ = {
			isa = XCBuildConfiguration;
			buildSettings = {
				ALWAYS_SEARCH_USER_PATHS = NO;
				ASSETCATALOG_COMPILER_GENERATE_SWIFT_ASSET_SYMBOL_EXTENSIONS = YES;
				CLANG_ANALYZER_NONNULL = YES;
				CLANG_ANALYZER_NUMBER_OBJECT_CONVERSION = YES_AGGRESSIVE;
				CLANG_CXX_LANGUAGE_STANDARD = "gnu++20";
				CLANG_ENABLE_MODULES = YES;
				CLANG_ENABLE_OBJC_ARC = YES;
				CLANG_ENABLE_OBJC_WEAK = YES;
				CLANG_WARN_BLOCK_CAPTURE_AUTORELEASING = YES;
				CLANG_WARN_BOOL_CONVERSION = YES;
				CLANG_WARN_COMMA = YES;
				CLANG_WARN_CONSTANT_CONVERSION = YES;
				CLANG_WARN_DEPRECATED_OBJC_IMPLEMENTATIONS = YES;
				CLANG_WARN_DIRECT_OBJC_ISA_USAGE = YES_ERROR;
				CLANG_WARN_DOCUMENTATION_COMMENTS = YES;
				CLANG_WARN_EMPTY_BODY = YES;
				CLANG_WARN_ENUM_CONVERSION = YES;
				CLANG_WARN_INFINITE_RECURSION = YES;
				CLANG_WARN_INT_CONVERSION = YES;
				CLANG_WARN_NON_LITERAL_NULL_CONVERSION = YES;
				CLANG_WARN_OBJC_IMPLICIT_RETAIN_SELF = YES;
				CLANG_WARN_OBJC_LITERAL_CONVERSION = YES;
				CLANG_WARN_OBJC_ROOT_CLASS = YES_ERROR;
				CLANG_WARN_QUOTED_INCLUDE_IN_FRAMEWORK_HEADER = YES;
				CLANG_WARN_RANGE_LOOP_ANALYSIS = YES;
				CLANG_WARN_STRICT_PROTOTYPES = YES;
				CLANG_WARN_SUSPICIOUS_MOVE = YES;
				CLANG_WARN_UNGUARDED_AVAILABILITY = YES_AGGRESSIVE;
				CLANG_WARN_UNREACHABLE_CODE = YES;
				CLANG_WARN__DUPLICATE_METHOD_MATCH = YES;
				COPY_PHASE_STRIP = NO;
				CURRENT_PROJECT_VERSION = 1;
				DEBUG_INFORMATION_FORMAT = "dwarf-with-dsym";
				ENABLE_NS_ASSERTIONS = NO;
				ENABLE_STRICT_OBJC_MSGSEND = YES;
				ENABLE_USER_SCRIPT_SANDBOXING = YES;
				GCC_C_LANGUAGE_STANDARD = gnu17;
				GCC_NO_COMMON_BLOCKS = YES;
				GCC_WARN_64_TO_32_BIT_CONVERSION = YES;
				GCC_WARN_ABOUT_RETURN_TYPE = YES_ERROR;
				GCC_WARN_UNDECLARED_SELECTOR = YES;
				GCC_WARN_UNINITIALIZED_AUTOS = YES_AGGRESSIVE;
				GCC_WARN_UNUSED_FUNCTION = YES;
				GCC_WARN_UNUSED_VARIABLE = YES;
				LOCALIZATION_PREFERS_STRING_CATALOGS = YES;
				MACOSX_DEPLOYMENT_TARGET = 14.4;
				MTL_ENABLE_DEBUG_INFO = NO;
				MTL_FAST_MATH = YES;
				SDKROOT = macosx;
				SWIFT_COMPILATION_MODE = wholemodule;
				VERSIONING_SYSTEM = "apple-generic";
				VERSION_INFO_PREFIX = "";
			};
			name = Release;
		};
		85C466602BD8DEEF0031A0EC /* Debug */ = {
			isa = XCBuildConfiguration;
			buildSettings = {
				BUILD_LIBRARY_FOR_DISTRIBUTION = YES;
				CODE_SIGN_STYLE = Automatic;
				COMBINE_HIDPI_IMAGES = YES;
				CURRENT_PROJECT_VERSION = 1;
				DEFINES_MODULE = YES;
				DEVELOPMENT_TEAM = W94GM7657M;
				DYLIB_COMPATIBILITY_VERSION = 1;
				DYLIB_CURRENT_VERSION = 1;
				DYLIB_INSTALL_NAME_BASE = "@rpath";
				ENABLE_MODULE_VERIFIER = YES;
				GENERATE_INFOPLIST_FILE = YES;
				INFOPLIST_KEY_NSHumanReadableCopyright = "";
				INSTALL_PATH = "$(LOCAL_LIBRARY_DIR)/Frameworks";
				LD_RUNPATH_SEARCH_PATHS = (
					"$(inherited)",
					"@executable_path/../Frameworks",
					"@loader_path/Frameworks",
				);
				MARKETING_VERSION = 1.0;
				MODULE_VERIFIER_SUPPORTED_LANGUAGES = "objective-c objective-c++";
				MODULE_VERIFIER_SUPPORTED_LANGUAGE_STANDARDS = "gnu17 gnu++20";
				PRODUCT_BUNDLE_IDENTIFIER = ca.ideaplex.BaseBTS;
				PRODUCT_NAME = "$(TARGET_NAME:c99extidentifier)";
				SKIP_INSTALL = YES;
				SWIFT_EMIT_LOC_STRINGS = YES;
				SWIFT_INSTALL_OBJC_HEADER = NO;
				SWIFT_VERSION = 5.0;
			};
			name = Debug;
		};
		85C466612BD8DEEF0031A0EC /* Release */ = {
			isa = XCBuildConfiguration;
			buildSettings = {
				BUILD_LIBRARY_FOR_DISTRIBUTION = YES;
				CODE_SIGN_STYLE = Automatic;
				COMBINE_HIDPI_IMAGES = YES;
				CURRENT_PROJECT_VERSION = 1;
				DEFINES_MODULE = YES;
				DEVELOPMENT_TEAM = W94GM7657M;
				DYLIB_COMPATIBILITY_VERSION = 1;
				DYLIB_CURRENT_VERSION = 1;
				DYLIB_INSTALL_NAME_BASE = "@rpath";
				ENABLE_MODULE_VERIFIER = YES;
				GENERATE_INFOPLIST_FILE = YES;
				INFOPLIST_KEY_NSHumanReadableCopyright = "";
				INSTALL_PATH = "$(LOCAL_LIBRARY_DIR)/Frameworks";
				LD_RUNPATH_SEARCH_PATHS = (
					"$(inherited)",
					"@executable_path/../Frameworks",
					"@loader_path/Frameworks",
				);
				MARKETING_VERSION = 1.0;
				MODULE_VERIFIER_SUPPORTED_LANGUAGES = "objective-c objective-c++";
				MODULE_VERIFIER_SUPPORTED_LANGUAGE_STANDARDS = "gnu17 gnu++20";
				PRODUCT_BUNDLE_IDENTIFIER = ca.ideaplex.BaseBTS;
				PRODUCT_NAME = "$(TARGET_NAME:c99extidentifier)";
				SKIP_INSTALL = YES;
				SWIFT_EMIT_LOC_STRINGS = YES;
				SWIFT_INSTALL_OBJC_HEADER = NO;
				SWIFT_VERSION = 5.0;
			};
			name = Release;
		};
		85C466632BD8DEEF0031A0EC /* Debug */ = {
			isa = XCBuildConfiguration;
			buildSettings = {
				ALWAYS_EMBED_SWIFT_STANDARD_LIBRARIES = YES;
				CODE_SIGN_STYLE = Automatic;
				CURRENT_PROJECT_VERSION = 1;
				DEVELOPMENT_TEAM = W94GM7657M;
				GENERATE_INFOPLIST_FILE = YES;
				MARKETING_VERSION = 1.0;
				PRODUCT_BUNDLE_IDENTIFIER = ca.ideaplex.BaseBTSTests;
				PRODUCT_NAME = "$(TARGET_NAME)";
				SWIFT_EMIT_LOC_STRINGS = NO;
				SWIFT_VERSION = 5.0;
			};
			name = Debug;
		};
		85C466642BD8DEEF0031A0EC /* Release */ = {
			isa = XCBuildConfiguration;
			buildSettings = {
				ALWAYS_EMBED_SWIFT_STANDARD_LIBRARIES = YES;
				CODE_SIGN_STYLE = Automatic;
				CURRENT_PROJECT_VERSION = 1;
				DEVELOPMENT_TEAM = W94GM7657M;
				GENERATE_INFOPLIST_FILE = YES;
				MARKETING_VERSION = 1.0;
				PRODUCT_BUNDLE_IDENTIFIER = ca.ideaplex.BaseBTSTests;
				PRODUCT_NAME = "$(TARGET_NAME)";
				SWIFT_EMIT_LOC_STRINGS = NO;
				SWIFT_VERSION = 5.0;
			};
			name = Release;
		};
/* End XCBuildConfiguration section */

/* Begin XCConfigurationList section */
		85C466452BD8DEEF0031A0EC /* Build configuration list for PBXProject "BaseBTS" */ = {
			isa = XCConfigurationList;
			buildConfigurations = (
				85C4665D2BD8DEEF0031A0EC /* Debug */,
				85C4665E2BD8DEEF0031A0EC /* Release */,
			);
			defaultConfigurationIsVisible = 0;
			defaultConfigurationName = Release;
		};
		85C4665F2BD8DEEF0031A0EC /* Build configuration list for PBXNativeTarget "BaseBTS" */ = {
			isa = XCConfigurationList;
			buildConfigurations = (
				85C466602BD8DEEF0031A0EC /* Debug */,
				85C466612BD8DEEF0031A0EC /* Release */,
			);
			defaultConfigurationIsVisible = 0;
			defaultConfigurationName = Release;
		};
		85C466622BD8DEEF0031A0EC /* Build configuration list for PBXNativeTarget "BaseBTSTests" */ = {
			isa = XCConfigurationList;
			buildConfigurations = (
				85C466632BD8DEEF0031A0EC /* Debug */,
				85C466642BD8DEEF0031A0EC /* Release */,
			);
			defaultConfigurationIsVisible = 0;
			defaultConfigurationName = Release;
		};
/* End XCConfigurationList section */
	};
	rootObject = 85C466422BD8DEEF0031A0EC /* Project object */;
}
